
Microsoft Visual Studio Solution File, Format Version 12.00
# Visual Studio Version 17
VisualStudioVersion = 17.9.34310.174
MinimumVisualStudioVersion = 10.0.40219.1
Project("{FAE04EC0-301F-11D3-BF4B-00C04F79EFBC}") = "ReactWithASP.Server", "ReactWithASP.Server\ReactWithASP.Server.csproj", "{7A6FF227-E4DC-4867-886E-C3EC3623E4F6}"
EndProject
Project("{54A90642-561A-4BB1-A94E-469ADEE60C69}") = "reactwithasp.client", "reactwithasp.client\reactwithasp.client.esproj", "{441DCE0F-72E8-4DD0-A1BF-B98411F8639A}"
EndProject
Global
	GlobalSection(SolutionConfigurationPlatforms) = preSolution
		Debug|Any CPU = Debug|Any CPU
		Release|Any CPU = Release|Any CPU
	EndGlobalSection
	GlobalSection(ProjectConfigurationPlatforms) = postSolution
		{7A6FF227-E4DC-4867-886E-C3EC3623E4F6}.Debug|Any CPU.ActiveCfg = Debug|Any CPU
		{7A6FF227-E4DC-4867-886E-C3EC3623E4F6}.Debug|Any CPU.Build.0 = Debug|Any CPU
		{7A6FF227-E4DC-4867-886E-C3EC3623E4F6}.Release|Any CPU.ActiveCfg = Release|Any CPU
		{7A6FF227-E4DC-4867-886E-C3EC3623E4F6}.Release|Any CPU.Build.0 = Release|Any CPU
		{441DCE0F-72E8-4DD0-A1BF-B98411F8639A}.Debug|Any CPU.ActiveCfg = Debug|Any CPU
		{441DCE0F-72E8-4DD0-A1BF-B98411F8639A}.Debug|Any CPU.Build.0 = Debug|Any CPU
		{441DCE0F-72E8-4DD0-A1BF-B98411F8639A}.Debug|Any CPU.Deploy.0 = Debug|Any CPU
		{441DCE0F-72E8-4DD0-A1BF-B98411F8639A}.Release|Any CPU.ActiveCfg = Release|Any CPU
		{441DCE0F-72E8-4DD0-A1BF-B98411F8639A}.Release|Any CPU.Build.0 = Release|Any CPU
		{441DCE0F-72E8-4DD0-A1BF-B98411F8639A}.Release|Any CPU.Deploy.0 = Release|Any CPU
	EndGlobalSection
	GlobalSection(SolutionProperties) = preSolution
		HideSolutionNode = FALSE
	EndGlobalSection
	GlobalSection(ExtensibilityGlobals) = postSolution
		SolutionGuid = {BC9059C6-0D23-456C-89B9-1D4EA20F5F8A}
	EndGlobalSection
EndGlobal
